
Microsoft Visual Studio Solution File, Format Version 12.00
# Visual Studio Version 16
VisualStudioVersion = 16.0.31005.135
MinimumVisualStudioVersion = 10.0.40219.1
Project("{FAE04EC0-301F-11D3-BF4B-00C04F79EFBC}") = "VisualLabWorks", "VisualLabWorks\VisualLabWorks.csproj", "{B56EA405-4D11-4A0F-964E-DEEA2CDBB746}"
EndProject
Global
	GlobalSection(SolutionConfigurationPlatforms) = preSolution
		Debug|Any CPU = Debug|Any CPU
		Release|Any CPU = Release|Any CPU
	EndGlobalSection
	GlobalSection(ProjectConfigurationPlatforms) = postSolution
		{B56EA405-4D11-4A0F-964E-DEEA2CDBB746}.Debug|Any CPU.ActiveCfg = Debug|Any CPU
		{B56EA405-4D11-4A0F-964E-DEEA2CDBB746}.Debug|Any CPU.Build.0 = Debug|Any CPU
		{B56EA405-4D11-4A0F-964E-DEEA2CDBB746}.Release|Any CPU.ActiveCfg = Release|Any CPU
		{B56EA405-4D11-4A0F-964E-DEEA2CDBB746}.Release|Any CPU.Build.0 = Release|Any CPU
	EndGlobalSection
	GlobalSection(SolutionProperties) = preSolution
		HideSolutionNode = FALSE
	EndGlobalSection
	GlobalSection(ExtensibilityGlobals) = postSolution
		SolutionGuid = {81072BF0-380F-40FE-B4B0-1BABD2404C05}
	EndGlobalSection
EndGlobal
